
Microsoft Visual Studio Solution File, Format Version 12.00
# Visual Studio 15
VisualStudioVersion = 15.0.28010.2036
MinimumVisualStudioVersion = 10.0.40219.1
Project("{FAE04EC0-301F-11D3-BF4B-00C04F79EFBC}") = "Ejercicio_1", "Ejercicio_1\Ejercicio_1.csproj", "{454D4C2A-716F-471F-BADB-8C197E7316DE}"
EndProject
Global
	GlobalSection(SolutionConfigurationPlatforms) = preSolution
		Debug|Any CPU = Debug|Any CPU
		Release|Any CPU = Release|Any CPU
	EndGlobalSection
	GlobalSection(ProjectConfigurationPlatforms) = postSolution
		{454D4C2A-716F-471F-BADB-8C197E7316DE}.Debug|Any CPU.ActiveCfg = Debug|Any CPU
		{454D4C2A-716F-471F-BADB-8C197E7316DE}.Debug|Any CPU.Build.0 = Debug|Any CPU
		{454D4C2A-716F-471F-BADB-8C197E7316DE}.Release|Any CPU.ActiveCfg = Release|Any CPU
		{454D4C2A-716F-471F-BADB-8C197E7316DE}.Release|Any CPU.Build.0 = Release|Any CPU
	EndGlobalSection
	GlobalSection(SolutionProperties) = preSolution
		HideSolutionNode = FALSE
	EndGlobalSection
	GlobalSection(ExtensibilityGlobals) = postSolution
		SolutionGuid = {3D6FB3E1-2936-42C2-AAE1-E9EB665C236D}
	EndGlobalSection
EndGlobal
